
Microsoft Visual Studio Solution File, Format Version 12.00
# Visual Studio Version 16
VisualStudioVersion = 16.0.31402.337
MinimumVisualStudioVersion = 10.0.40219.1
Project("{9A19103F-16F7-4668-BE54-9A1E7A4F7556}") = "ConsoleAppDependencyInjection", "ConsoleAppDependecyInjection\ConsoleAppDependencyInjection.csproj", "{44156688-96FB-43B8-9124-4D6B97E4F9FB}"
EndProject
Project("{9A19103F-16F7-4668-BE54-9A1E7A4F7556}") = "ImpresoraSunny", "ImpresoraSunny\ImpresoraSunny.csproj", "{C08828DA-AB00-478E-B4C1-CA7BB4F3C359}"
EndProject
Project("{9A19103F-16F7-4668-BE54-9A1E7A4F7556}") = "Abstraccion", "Libreria\Abstraccion.csproj", "{7713ACC3-3BB7-4B1E-B3FD-7C9B7A75574F}"
EndProject
Global
	GlobalSection(SolutionConfigurationPlatforms) = preSolution
		Debug|Any CPU = Debug|Any CPU
		Release|Any CPU = Release|Any CPU
	EndGlobalSection
	GlobalSection(ProjectConfigurationPlatforms) = postSolution
		{44156688-96FB-43B8-9124-4D6B97E4F9FB}.Debug|Any CPU.ActiveCfg = Debug|Any CPU
		{44156688-96FB-43B8-9124-4D6B97E4F9FB}.Debug|Any CPU.Build.0 = Debug|Any CPU
		{44156688-96FB-43B8-9124-4D6B97E4F9FB}.Release|Any CPU.ActiveCfg = Release|Any CPU
		{44156688-96FB-43B8-9124-4D6B97E4F9FB}.Release|Any CPU.Build.0 = Release|Any CPU
		{C08828DA-AB00-478E-B4C1-CA7BB4F3C359}.Debug|Any CPU.ActiveCfg = Debug|Any CPU
		{C08828DA-AB00-478E-B4C1-CA7BB4F3C359}.Debug|Any CPU.Build.0 = Debug|Any CPU
		{C08828DA-AB00-478E-B4C1-CA7BB4F3C359}.Release|Any CPU.ActiveCfg = Release|Any CPU
		{C08828DA-AB00-478E-B4C1-CA7BB4F3C359}.Release|Any CPU.Build.0 = Release|Any CPU
		{7713ACC3-3BB7-4B1E-B3FD-7C9B7A75574F}.Debug|Any CPU.ActiveCfg = Debug|Any CPU
		{7713ACC3-3BB7-4B1E-B3FD-7C9B7A75574F}.Debug|Any CPU.Build.0 = Debug|Any CPU
		{7713ACC3-3BB7-4B1E-B3FD-7C9B7A75574F}.Release|Any CPU.ActiveCfg = Release|Any CPU
		{7713ACC3-3BB7-4B1E-B3FD-7C9B7A75574F}.Release|Any CPU.Build.0 = Release|Any CPU
	EndGlobalSection
	GlobalSection(SolutionProperties) = preSolution
		HideSolutionNode = FALSE
	EndGlobalSection
	GlobalSection(ExtensibilityGlobals) = postSolution
		SolutionGuid = {014BB657-DFF7-47E2-9AFC-7D461786A840}
	EndGlobalSection
EndGlobal
