
Microsoft Visual Studio Solution File, Format Version 12.00
# Visual Studio Version 16
VisualStudioVersion = 16.0.31402.337
MinimumVisualStudioVersion = 10.0.40219.1
Project("{FAE04EC0-301F-11D3-BF4B-00C04F79EFBC}") = "MiProyecto", "MiProyecto\MiProyecto.csproj", "{B2D2E2D4-2F8D-44FE-8796-D12C8B6972F4}"
EndProject
Global
	GlobalSection(SolutionConfigurationPlatforms) = preSolution
		Debug|Any CPU = Debug|Any CPU
		Release|Any CPU = Release|Any CPU
	EndGlobalSection
	GlobalSection(ProjectConfigurationPlatforms) = postSolution
		{B2D2E2D4-2F8D-44FE-8796-D12C8B6972F4}.Debug|Any CPU.ActiveCfg = Debug|Any CPU
		{B2D2E2D4-2F8D-44FE-8796-D12C8B6972F4}.Debug|Any CPU.Build.0 = Debug|Any CPU
		{B2D2E2D4-2F8D-44FE-8796-D12C8B6972F4}.Release|Any CPU.ActiveCfg = Release|Any CPU
		{B2D2E2D4-2F8D-44FE-8796-D12C8B6972F4}.Release|Any CPU.Build.0 = Release|Any CPU
	EndGlobalSection
	GlobalSection(SolutionProperties) = preSolution
		HideSolutionNode = FALSE
	EndGlobalSection
	GlobalSection(ExtensibilityGlobals) = postSolution
		SolutionGuid = {92CADFFC-1BFB-4927-8E0E-4D84405DB881}
	EndGlobalSection
EndGlobal
